
Microsoft Visual Studio Solution File, Format Version 12.00
# Visual Studio Version 17
VisualStudioVersion = 17.4.33110.190
MinimumVisualStudioVersion = 10.0.40219.1
Project("{FAE04EC0-301F-11D3-BF4B-00C04F79EFBC}") = "Notebook", "Notebook\Notebook.csproj", "{FFDFD6FB-F134-4A49-98D6-27A18FB49283}"
EndProject
Global
	GlobalSection(SolutionConfigurationPlatforms) = preSolution
		Debug|Any CPU = Debug|Any CPU
		Release|Any CPU = Release|Any CPU
	EndGlobalSection
	GlobalSection(ProjectConfigurationPlatforms) = postSolution
		{FFDFD6FB-F134-4A49-98D6-27A18FB49283}.Debug|Any CPU.ActiveCfg = Debug|Any CPU
		{FFDFD6FB-F134-4A49-98D6-27A18FB49283}.Debug|Any CPU.Build.0 = Debug|Any CPU
		{FFDFD6FB-F134-4A49-98D6-27A18FB49283}.Release|Any CPU.ActiveCfg = Release|Any CPU
		{FFDFD6FB-F134-4A49-98D6-27A18FB49283}.Release|Any CPU.Build.0 = Release|Any CPU
	EndGlobalSection
	GlobalSection(SolutionProperties) = preSolution
		HideSolutionNode = FALSE
	EndGlobalSection
	GlobalSection(ExtensibilityGlobals) = postSolution
		SolutionGuid = {0B757509-DA32-4938-A2C9-C093F7C9A2D9}
	EndGlobalSection
EndGlobal
